
Microsoft Visual Studio Solution File, Format Version 12.00
# Visual Studio Version 17
VisualStudioVersion = 17.6.33801.468
MinimumVisualStudioVersion = 10.0.40219.1
Project("{9A19103F-16F7-4668-BE54-9A1E7A4F7556}") = "ProductManagement.Entities", "ProductManagement.Entities\ProductManagement.Entities.csproj", "{20A7C0C6-D740-4797-B7DF-9FC90943DC84}"
EndProject
Project("{9A19103F-16F7-4668-BE54-9A1E7A4F7556}") = "ProductManagement.DAL", "ProductManagement.DAL\ProductManagement.DAL.csproj", "{9DB52C5F-C5D4-4652-A792-6D0F26446A2A}"
EndProject
Project("{9A19103F-16F7-4668-BE54-9A1E7A4F7556}") = "ProductManagement.Web", "ProductManagement.Web\ProductManagement.Web.csproj", "{0797AFB7-2913-47B6-BA76-D27746BC78F6}"
EndProject
Project("{9A19103F-16F7-4668-BE54-9A1E7A4F7556}") = "ProductManagement.Core", "ProductManagement.Core\ProductManagement.Core.csproj", "{E6EA59CB-BD7E-4F68-92E6-21509BB1A6E3}"
EndProject
Project("{9A19103F-16F7-4668-BE54-9A1E7A4F7556}") = "ProductManagement.Dto", "ProductManagement.Dto\ProductManagement.Dto.csproj", "{5B26A7FE-4DAB-45F7-9E3B-9BCA396DE478}"
EndProject
Project("{9A19103F-16F7-4668-BE54-9A1E7A4F7556}") = "ProductManagement.Web.Api", "ProductManagement.Web.Api\ProductManagement.Web.Api.csproj", "{F576562D-5077-4302-B1D6-306125F5945D}"
EndProject
Project("{9A19103F-16F7-4668-BE54-9A1E7A4F7556}") = "ProductManagement.Business", "ProductManagement.Business\ProductManagement.Business.csproj", "{67816BAA-0B72-4D48-85FB-6D7ED44BC2F0}"
EndProject
Global
	GlobalSection(SolutionConfigurationPlatforms) = preSolution
		Debug|Any CPU = Debug|Any CPU
		Release|Any CPU = Release|Any CPU
	EndGlobalSection
	GlobalSection(ProjectConfigurationPlatforms) = postSolution
		{20A7C0C6-D740-4797-B7DF-9FC90943DC84}.Debug|Any CPU.ActiveCfg = Debug|Any CPU
		{20A7C0C6-D740-4797-B7DF-9FC90943DC84}.Debug|Any CPU.Build.0 = Debug|Any CPU
		{20A7C0C6-D740-4797-B7DF-9FC90943DC84}.Release|Any CPU.ActiveCfg = Release|Any CPU
		{20A7C0C6-D740-4797-B7DF-9FC90943DC84}.Release|Any CPU.Build.0 = Release|Any CPU
		{9DB52C5F-C5D4-4652-A792-6D0F26446A2A}.Debug|Any CPU.ActiveCfg = Debug|Any CPU
		{9DB52C5F-C5D4-4652-A792-6D0F26446A2A}.Debug|Any CPU.Build.0 = Debug|Any CPU
		{9DB52C5F-C5D4-4652-A792-6D0F26446A2A}.Release|Any CPU.ActiveCfg = Release|Any CPU
		{9DB52C5F-C5D4-4652-A792-6D0F26446A2A}.Release|Any CPU.Build.0 = Release|Any CPU
		{0797AFB7-2913-47B6-BA76-D27746BC78F6}.Debug|Any CPU.ActiveCfg = Debug|Any CPU
		{0797AFB7-2913-47B6-BA76-D27746BC78F6}.Debug|Any CPU.Build.0 = Debug|Any CPU
		{0797AFB7-2913-47B6-BA76-D27746BC78F6}.Release|Any CPU.ActiveCfg = Release|Any CPU
		{0797AFB7-2913-47B6-BA76-D27746BC78F6}.Release|Any CPU.Build.0 = Release|Any CPU
		{E6EA59CB-BD7E-4F68-92E6-21509BB1A6E3}.Debug|Any CPU.ActiveCfg = Debug|Any CPU
		{E6EA59CB-BD7E-4F68-92E6-21509BB1A6E3}.Debug|Any CPU.Build.0 = Debug|Any CPU
		{E6EA59CB-BD7E-4F68-92E6-21509BB1A6E3}.Release|Any CPU.ActiveCfg = Release|Any CPU
		{E6EA59CB-BD7E-4F68-92E6-21509BB1A6E3}.Release|Any CPU.Build.0 = Release|Any CPU
		{5B26A7FE-4DAB-45F7-9E3B-9BCA396DE478}.Debug|Any CPU.ActiveCfg = Debug|Any CPU
		{5B26A7FE-4DAB-45F7-9E3B-9BCA396DE478}.Debug|Any CPU.Build.0 = Debug|Any CPU
		{5B26A7FE-4DAB-45F7-9E3B-9BCA396DE478}.Release|Any CPU.ActiveCfg = Release|Any CPU
		{5B26A7FE-4DAB-45F7-9E3B-9BCA396DE478}.Release|Any CPU.Build.0 = Release|Any CPU
		{F576562D-5077-4302-B1D6-306125F5945D}.Debug|Any CPU.ActiveCfg = Debug|Any CPU
		{F576562D-5077-4302-B1D6-306125F5945D}.Debug|Any CPU.Build.0 = Debug|Any CPU
		{F576562D-5077-4302-B1D6-306125F5945D}.Release|Any CPU.ActiveCfg = Release|Any CPU
		{F576562D-5077-4302-B1D6-306125F5945D}.Release|Any CPU.Build.0 = Release|Any CPU
		{67816BAA-0B72-4D48-85FB-6D7ED44BC2F0}.Debug|Any CPU.ActiveCfg = Debug|Any CPU
		{67816BAA-0B72-4D48-85FB-6D7ED44BC2F0}.Debug|Any CPU.Build.0 = Debug|Any CPU
		{67816BAA-0B72-4D48-85FB-6D7ED44BC2F0}.Release|Any CPU.ActiveCfg = Release|Any CPU
		{67816BAA-0B72-4D48-85FB-6D7ED44BC2F0}.Release|Any CPU.Build.0 = Release|Any CPU
	EndGlobalSection
	GlobalSection(SolutionProperties) = preSolution
		HideSolutionNode = FALSE
	EndGlobalSection
	GlobalSection(ExtensibilityGlobals) = postSolution
		SolutionGuid = {08517E86-49A7-489F-95C7-D5FD05840D8E}
	EndGlobalSection
EndGlobal
